PODS:
  - Cosmos (21.0.0)
  - SDWebImage (5.5.2):
    - SDWebImage/Core (= 5.5.2)
  - SDWebImage/Core (5.5.2)

DEPENDENCIES:
  - Cosmos (~> 21.0)
  - SDWebImage (~> 5.0)

SPEC REPOS:
  https://github.com/cocoapods/specs.git:
    - Cosmos
    - SDWebImage

SPEC CHECKSUMS:
  Cosmos: 3dfb6e4ba48bd48b8c9aa2a77048ae11ed114f96
  SDWebImage: 4d5c027c935438f341ed33dbac53ff9f479922ca

PODFILE CHECKSUM: 2d7b90a3a65efd9d17fc9902c6ba2954835d11fd

COCOAPODS: 1.7.4
