// !$*UTF8*$!
{
	archiveVersion = 1;
	classes = {
	};
	objectVersion = 51;
	objects = {

/* Begin PBXBuildFile section */
		2C2BEED524064773003D2397 /* Genre.swift in Sources */ = {isa = PBXBuildFile; fileRef = 2C2BEED424064773003D2397 /* Genre.swift */; };
		2C2BEED8240656F0003D2397 /* MovieDetailsViewController.swift in Sources */ = {isa = PBXBuildFile; fileRef = 2C2BEED7240656F0003D2397 /* MovieDetailsViewController.swift */; };
		2C2BEEDB240659C7003D2397 /* MovieDetailsDataController.swift in Sources */ = {isa = PBXBuildFile; fileRef = 2C2BEEDA240659C7003D2397 /* MovieDetailsDataController.swift */; };
		2C2BEEDD24065A34003D2397 /* BMSBaseViewController.swift in Sources */ = {isa = PBXBuildFile; fileRef = 2C2BEEDC24065A34003D2397 /* BMSBaseViewController.swift */; };
		2C2BEEDF24065FD7003D2397 /* MovieDetails.swift in Sources */ = {isa = PBXBuildFile; fileRef = 2C2BEEDE24065FD7003D2397 /* MovieDetails.swift */; };
		2C2BEEE3240663B2003D2397 /* MovieDetailsTableViewCell.swift in Sources */ = {isa = PBXBuildFile; fileRef = 2C2BEEE1240663B2003D2397 /* MovieDetailsTableViewCell.swift */; };
		2C2BEEE624066426003D2397 /* MovieDetailsTableViewCell.xib in Resources */ = {isa = PBXBuildFile; fileRef = 2C2BEEE524066426003D2397 /* MovieDetailsTableViewCell.xib */; };
		2C2BEEEB24066F91003D2397 /* MovieCreditsUITableViewCell.swift in Sources */ = {isa = PBXBuildFile; fileRef = 2C2BEEE924066F91003D2397 /* MovieCreditsUITableViewCell.swift */; };
		2C2BEEEC24066F91003D2397 /* MovieCreditsUITableViewCell.xib in Resources */ = {isa = PBXBuildFile; fileRef = 2C2BEEEA24066F91003D2397 /* MovieCreditsUITableViewCell.xib */; };
		2C2BEEEE24067216003D2397 /* MovieCredits.swift in Sources */ = {isa = PBXBuildFile; fileRef = 2C2BEEED24067216003D2397 /* MovieCredits.swift */; };
		2C2BEEF02406724F003D2397 /* Cast.swift in Sources */ = {isa = PBXBuildFile; fileRef = 2C2BEEEF2406724F003D2397 /* Cast.swift */; };
		2C2BEEF3240675A3003D2397 /* MovieCastCollectionViewCell.swift in Sources */ = {isa = PBXBuildFile; fileRef = 2C2BEEF1240675A3003D2397 /* MovieCastCollectionViewCell.swift */; };
		2C2BEEF4240675A3003D2397 /* MovieCastCollectionViewCell.xib in Resources */ = {isa = PBXBuildFile; fileRef = 2C2BEEF2240675A3003D2397 /* MovieCastCollectionViewCell.xib */; };
		2C2BEEF624069D98003D2397 /* SimilarMovies.swift in Sources */ = {isa = PBXBuildFile; fileRef = 2C2BEEF524069D98003D2397 /* SimilarMovies.swift */; };
		2C2BEEFB2406A000003D2397 /* MovieSimilarListingTableViewCell.swift in Sources */ = {isa = PBXBuildFile; fileRef = 2C2BEEF724069FFF003D2397 /* MovieSimilarListingTableViewCell.swift */; };
		2C2BEEFC2406A000003D2397 /* SimilarMovieCollectionViewCell.swift in Sources */ = {isa = PBXBuildFile; fileRef = 2C2BEEF824069FFF003D2397 /* SimilarMovieCollectionViewCell.swift */; };
		2C2BEEFD2406A000003D2397 /* MovieSimilarListingTableViewCell.xib in Resources */ = {isa = PBXBuildFile; fileRef = 2C2BEEF924069FFF003D2397 /* MovieSimilarListingTableViewCell.xib */; };
		2C2BEEFE2406A000003D2397 /* SimilarMovieCollectionViewCell.xib in Resources */ = {isa = PBXBuildFile; fileRef = 2C2BEEFA24069FFF003D2397 /* SimilarMovieCollectionViewCell.xib */; };
		2CC4A42D2405C1DD00EDFA15 /* Welcome.swift in Sources */ = {isa = PBXBuildFile; fileRef = 2CC4A42C2405C1DD00EDFA15 /* Welcome.swift */; };
		2CC4A42F2405C24500EDFA15 /* Movie.swift in Sources */ = {isa = PBXBuildFile; fileRef = 2CC4A42E2405C24500EDFA15 /* Movie.swift */; };
		2CC4A4312405C26800EDFA15 /* Dates.swift in Sources */ = {isa = PBXBuildFile; fileRef = 2CC4A4302405C26800EDFA15 /* Dates.swift */; };
		2CC4A4362405C76400EDFA15 /* BMSListingDataController.swift in Sources */ = {isa = PBXBuildFile; fileRef = 2CC4A4352405C76400EDFA15 /* BMSListingDataController.swift */; };
		2CC4A4382405C7AA00EDFA15 /* Constants.swift in Sources */ = {isa = PBXBuildFile; fileRef = 2CC4A4372405C7AA00EDFA15 /* Constants.swift */; };
		2CC4A43A2405C7D200EDFA15 /* DateHelper.swift in Sources */ = {isa = PBXBuildFile; fileRef = 2CC4A4392405C7D200EDFA15 /* DateHelper.swift */; };
		2CC4A43C2405CBC400EDFA15 /* APIManager.swift in Sources */ = {isa = PBXBuildFile; fileRef = 2CC4A43B2405CBC400EDFA15 /* APIManager.swift */; };
		2CC4A43E2405CD0400EDFA15 /* Extensions.swift in Sources */ = {isa = PBXBuildFile; fileRef = 2CC4A43D2405CD0400EDFA15 /* Extensions.swift */; };
		2CE2D09824053DC000817AF1 /* AppDelegate.swift in Sources */ = {isa = PBXBuildFile; fileRef = 2CE2D09724053DC000817AF1 /* AppDelegate.swift */; };
		2CE2D09A24053DC000817AF1 /* SceneDelegate.swift in Sources */ = {isa = PBXBuildFile; fileRef = 2CE2D09924053DC000817AF1 /* SceneDelegate.swift */; };
		2CE2D09C24053DC000817AF1 /* BMSListingViewController.swift in Sources */ = {isa = PBXBuildFile; fileRef = 2CE2D09B24053DC000817AF1 /* BMSListingViewController.swift */; };
		2CE2D09F24053DC000817AF1 /* Main.storyboard in Resources */ = {isa = PBXBuildFile; fileRef = 2CE2D09D24053DC000817AF1 /* Main.storyboard */; };
		2CE2D0A224053DC000817AF1 /* BMSListing.xcdatamodeld in Sources */ = {isa = PBXBuildFile; fileRef = 2CE2D0A024053DC000817AF1 /* BMSListing.xcdatamodeld */; };
		2CE2D0A424053DC200817AF1 /* Assets.xcassets in Resources */ = {isa = PBXBuildFile; fileRef = 2CE2D0A324053DC200817AF1 /* Assets.xcassets */; };
		2CE2D0A724053DC200817AF1 /* LaunchScreen.storyboard in Resources */ = {isa = PBXBuildFile; fileRef = 2CE2D0A524053DC200817AF1 /* LaunchScreen.storyboard */; };
		2CE2D0B0240583FF00817AF1 /* MovieListingItemTableViewCell.swift in Sources */ = {isa = PBXBuildFile; fileRef = 2CE2D0AE240583FF00817AF1 /* MovieListingItemTableViewCell.swift */; };
		2CE2D0B1240583FF00817AF1 /* MovieListingItemTableViewCell.xib in Resources */ = {isa = PBXBuildFile; fileRef = 2CE2D0AF240583FF00817AF1 /* MovieListingItemTableViewCell.xib */; };
		B1990C418ED4F9BA62DD9923 /* Pods_BMSListing.framework in Frameworks */ = {isa = PBXBuildFile; fileRef = 868C0696F6E912DAE65C3196 /* Pods_BMSListing.framework */; };
/* End PBXBuildFile section */

/* Begin PBXFileReference section */
		2C2BEED424064773003D2397 /* Genre.swift */ = {isa = PBXFileReference; lastKnownFileType = sourcecode.swift; path = Genre.swift; sourceTree = "<group>"; };
		2C2BEED7240656F0003D2397 /* MovieDetailsViewController.swift */ = {isa = PBXFileReference; lastKnownFileType = sourcecode.swift; path = MovieDetailsViewController.swift; sourceTree = "<group>"; };
		2C2BEEDA240659C7003D2397 /* MovieDetailsDataController.swift */ = {isa = PBXFileReference; lastKnownFileType = sourcecode.swift; path = MovieDetailsDataController.swift; sourceTree = "<group>"; };
		2C2BEEDC24065A34003D2397 /* BMSBaseViewController.swift */ = {isa = PBXFileReference; lastKnownFileType = sourcecode.swift; path = BMSBaseViewController.swift; sourceTree = "<group>"; };
		2C2BEEDE24065FD7003D2397 /* MovieDetails.swift */ = {isa = PBXFileReference; lastKnownFileType = sourcecode.swift; path = MovieDetails.swift; sourceTree = "<group>"; };
		2C2BEEE1240663B2003D2397 /* MovieDetailsTableViewCell.swift */ = {isa = PBXFileReference; lastKnownFileType = sourcecode.swift; path = MovieDetailsTableViewCell.swift; sourceTree = "<group>"; };
		2C2BEEE524066426003D2397 /* MovieDetailsTableViewCell.xib */ = {isa = PBXFileReference; fileEncoding = 4; lastKnownFileType = file.xib; path = MovieDetailsTableViewCell.xib; sourceTree = "<group>"; };
		2C2BEEE924066F91003D2397 /* MovieCreditsUITableViewCell.swift */ = {isa = PBXFileReference; lastKnownFileType = sourcecode.swift; path = MovieCreditsUITableViewCell.swift; sourceTree = "<group>"; };
		2C2BEEEA24066F91003D2397 /* MovieCreditsUITableViewCell.xib */ = {isa = PBXFileReference; lastKnownFileType = file.xib; path = MovieCreditsUITableViewCell.xib; sourceTree = "<group>"; };
		2C2BEEED24067216003D2397 /* MovieCredits.swift */ = {isa = PBXFileReference; lastKnownFileType = sourcecode.swift; path = MovieCredits.swift; sourceTree = "<group>"; };
		2C2BEEEF2406724F003D2397 /* Cast.swift */ = {isa = PBXFileReference; lastKnownFileType = sourcecode.swift; path = Cast.swift; sourceTree = "<group>"; };
		2C2BEEF1240675A3003D2397 /* MovieCastCollectionViewCell.swift */ = {isa = PBXFileReference; lastKnownFileType = sourcecode.swift; path = MovieCastCollectionViewCell.swift; sourceTree = "<group>"; };
		2C2BEEF2240675A3003D2397 /* MovieCastCollectionViewCell.xib */ = {isa = PBXFileReference; lastKnownFileType = file.xib; path = MovieCastCollectionViewCell.xib; sourceTree = "<group>"; };
		2C2BEEF524069D98003D2397 /* SimilarMovies.swift */ = {isa = PBXFileReference; lastKnownFileType = sourcecode.swift; path = SimilarMovies.swift; sourceTree = "<group>"; };
		2C2BEEF724069FFF003D2397 /* MovieSimilarListingTableViewCell.swift */ = {isa = PBXFileReference; fileEncoding = 4; lastKnownFileType = sourcecode.swift; path = MovieSimilarListingTableViewCell.swift; sourceTree = "<group>"; };
		2C2BEEF824069FFF003D2397 /* SimilarMovieCollectionViewCell.swift */ = {isa = PBXFileReference; fileEncoding = 4; lastKnownFileType = sourcecode.swift; path = SimilarMovieCollectionViewCell.swift; sourceTree = "<group>"; };
		2C2BEEF924069FFF003D2397 /* MovieSimilarListingTableViewCell.xib */ = {isa = PBXFileReference; fileEncoding = 4; lastKnownFileType = file.xib; path = MovieSimilarListingTableViewCell.xib; sourceTree = "<group>"; };
		2C2BEEFA24069FFF003D2397 /* SimilarMovieCollectionViewCell.xib */ = {isa = PBXFileReference; fileEncoding = 4; lastKnownFileType = file.xib; path = SimilarMovieCollectionViewCell.xib; sourceTree = "<group>"; };
		2CC4A42C2405C1DD00EDFA15 /* Welcome.swift */ = {isa = PBXFileReference; lastKnownFileType = sourcecode.swift; path = Welcome.swift; sourceTree = "<group>"; };
		2CC4A42E2405C24500EDFA15 /* Movie.swift */ = {isa = PBXFileReference; lastKnownFileType = sourcecode.swift; path = Movie.swift; sourceTree = "<group>"; };
		2CC4A4302405C26800EDFA15 /* Dates.swift */ = {isa = PBXFileReference; lastKnownFileType = sourcecode.swift; path = Dates.swift; sourceTree = "<group>"; };
		2CC4A4352405C76400EDFA15 /* BMSListingDataController.swift */ = {isa = PBXFileReference; lastKnownFileType = sourcecode.swift; path = BMSListingDataController.swift; sourceTree = "<group>"; };
		2CC4A4372405C7AA00EDFA15 /* Constants.swift */ = {isa = PBXFileReference; lastKnownFileType = sourcecode.swift; path = Constants.swift; sourceTree = "<group>"; };
		2CC4A4392405C7D200EDFA15 /* DateHelper.swift */ = {isa = PBXFileReference; lastKnownFileType = sourcecode.swift; path = DateHelper.swift; sourceTree = "<group>"; };
		2CC4A43B2405CBC400EDFA15 /* APIManager.swift */ = {isa = PBXFileReference; lastKnownFileType = sourcecode.swift; path = APIManager.swift; sourceTree = "<group>"; };
		2CC4A43D2405CD0400EDFA15 /* Extensions.swift */ = {isa = PBXFileReference; lastKnownFileType = sourcecode.swift; path = Extensions.swift; sourceTree = "<group>"; };
		2CE2D09424053DC000817AF1 /* BMSListing.app */ = {isa = PBXFileReference; explicitFileType = wrapper.application; includeInIndex = 0; path = BMSListing.app; sourceTree = BUILT_PRODUCTS_DIR; };
		2CE2D09724053DC000817AF1 /* AppDelegate.swift */ = {isa = PBXFileReference; lastKnownFileType = sourcecode.swift; path = AppDelegate.swift; sourceTree = "<group>"; };
		2CE2D09924053DC000817AF1 /* SceneDelegate.swift */ = {isa = PBXFileReference; lastKnownFileType = sourcecode.swift; path = SceneDelegate.swift; sourceTree = "<group>"; };
		2CE2D09B24053DC000817AF1 /* BMSListingViewController.swift */ = {isa = PBXFileReference; lastKnownFileType = sourcecode.swift; path = BMSListingViewController.swift; sourceTree = "<group>"; };
		2CE2D09E24053DC000817AF1 /* Base */ = {isa = PBXFileReference; lastKnownFileType = file.storyboard; name = Base; path = Base.lproj/Main.storyboard; sourceTree = "<group>"; };
		2CE2D0A124053DC000817AF1 /* BMSListing.xcdatamodel */ = {isa = PBXFileReference; lastKnownFileType = wrapper.xcdatamodel; path = BMSListing.xcdatamodel; sourceTree = "<group>"; };
		2CE2D0A324053DC200817AF1 /* Assets.xcassets */ = {isa = PBXFileReference; lastKnownFileType = folder.assetcatalog; path = Assets.xcassets; sourceTree = "<group>"; };
		2CE2D0A624053DC200817AF1 /* Base */ = {isa = PBXFileReference; lastKnownFileType = file.storyboard; name = Base; path = Base.lproj/LaunchScreen.storyboard; sourceTree = "<group>"; };
		2CE2D0A824053DC200817AF1 /* Info.plist */ = {isa = PBXFileReference; lastKnownFileType = text.plist.xml; path = Info.plist; sourceTree = "<group>"; };
		2CE2D0AE240583FF00817AF1 /* MovieListingItemTableViewCell.swift */ = {isa = PBXFileReference; lastKnownFileType = sourcecode.swift; path = MovieListingItemTableViewCell.swift; sourceTree = "<group>"; };
		2CE2D0AF240583FF00817AF1 /* MovieListingItemTableViewCell.xib */ = {isa = PBXFileReference; lastKnownFileType = file.xib; path = MovieListingItemTableViewCell.xib; sourceTree = "<group>"; };
		868C0696F6E912DAE65C3196 /* Pods_BMSListing.framework */ = {isa = PBXFileReference; explicitFileType = wrapper.framework; includeInIndex = 0; path = Pods_BMSListing.framework; sourceTree = BUILT_PRODUCTS_DIR; };
		8A45D5129B158AF99B6B2CF9 /* Pods-BMSListing.release.xcconfig */ = {isa = PBXFileReference; includeInIndex = 1; lastKnownFileType = text.xcconfig; name = "Pods-BMSListing.release.xcconfig"; path = "Target Support Files/Pods-BMSListing/Pods-BMSListing.release.xcconfig"; sourceTree = "<group>"; };
		B03B8001EEC14884FE48D6DB /* Pods-BMSListing.debug.xcconfig */ = {isa = PBXFileReference; includeInIndex = 1; lastKnownFileType = text.xcconfig; name = "Pods-BMSListing.debug.xcconfig"; path = "Target Support Files/Pods-BMSListing/Pods-BMSListing.debug.xcconfig"; sourceTree = "<group>"; };
/* End PBXFileReference section */

/* Begin PBXFrameworksBuildPhase section */
		2CE2D09124053DC000817AF1 /* Frameworks */ = {
			isa = PBXFrameworksBuildPhase;
			buildActionMask = 2147483647;
			files = (
				B1990C418ED4F9BA62DD9923 /* Pods_BMSListing.framework in Frameworks */,
			);
			runOnlyForDeploymentPostprocessing = 0;
		};
/* End PBXFrameworksBuildPhase section */

/* Begin PBXGroup section */
		0BFF88C6FDD355D64150A339 /* Pods */ = {
			isa = PBXGroup;
			children = (
				B03B8001EEC14884FE48D6DB /* Pods-BMSListing.debug.xcconfig */,
				8A45D5129B158AF99B6B2CF9 /* Pods-BMSListing.release.xcconfig */,
			);
			path = Pods;
			sourceTree = "<group>";
		};
		2C2BEED6240656DF003D2397 /* Movie Details Module */ = {
			isa = PBXGroup;
			children = (
				2C2BEEE024066379003D2397 /* Cells */,
				2C2BEED9240659B4003D2397 /* Data Controller */,
				2C2BEED7240656F0003D2397 /* MovieDetailsViewController.swift */,
			);
			path = "Movie Details Module";
			sourceTree = "<group>";
		};
		2C2BEED9240659B4003D2397 /* Data Controller */ = {
			isa = PBXGroup;
			children = (
				2C2BEEDA240659C7003D2397 /* MovieDetailsDataController.swift */,
			);
			path = "Data Controller";
			sourceTree = "<group>";
		};
		2C2BEEE024066379003D2397 /* Cells */ = {
			isa = PBXGroup;
			children = (
				2C2BEEF724069FFF003D2397 /* MovieSimilarListingTableViewCell.swift */,
				2C2BEEF924069FFF003D2397 /* MovieSimilarListingTableViewCell.xib */,
				2C2BEEF824069FFF003D2397 /* SimilarMovieCollectionViewCell.swift */,
				2C2BEEFA24069FFF003D2397 /* SimilarMovieCollectionViewCell.xib */,
				2C2BEEE524066426003D2397 /* MovieDetailsTableViewCell.xib */,
				2C2BEEE1240663B2003D2397 /* MovieDetailsTableViewCell.swift */,
				2C2BEEE924066F91003D2397 /* MovieCreditsUITableViewCell.swift */,
				2C2BEEEA24066F91003D2397 /* MovieCreditsUITableViewCell.xib */,
				2C2BEEF1240675A3003D2397 /* MovieCastCollectionViewCell.swift */,
				2C2BEEF2240675A3003D2397 /* MovieCastCollectionViewCell.xib */,
			);
			path = Cells;
			sourceTree = "<group>";
		};
		2CC4A42B2405C1D200EDFA15 /* Models */ = {
			isa = PBXGroup;
			children = (
				2CC4A42C2405C1DD00EDFA15 /* Welcome.swift */,
				2CC4A42E2405C24500EDFA15 /* Movie.swift */,
				2CC4A4302405C26800EDFA15 /* Dates.swift */,
				2C2BEED424064773003D2397 /* Genre.swift */,
				2C2BEEDE24065FD7003D2397 /* MovieDetails.swift */,
				2C2BEEED24067216003D2397 /* MovieCredits.swift */,
				2C2BEEEF2406724F003D2397 /* Cast.swift */,
				2C2BEEF524069D98003D2397 /* SimilarMovies.swift */,
			);
			path = Models;
			sourceTree = "<group>";
		};
		2CC4A4322405C6FA00EDFA15 /* Common */ = {
			isa = PBXGroup;
			children = (
				2CC4A42B2405C1D200EDFA15 /* Models */,
				2CC4A4372405C7AA00EDFA15 /* Constants.swift */,
				2CC4A4392405C7D200EDFA15 /* DateHelper.swift */,
				2CC4A43B2405CBC400EDFA15 /* APIManager.swift */,
				2CC4A43D2405CD0400EDFA15 /* Extensions.swift */,
				2C2BEEDC24065A34003D2397 /* BMSBaseViewController.swift */,
			);
			path = Common;
			sourceTree = "<group>";
		};
		2CC4A4332405C70000EDFA15 /* Listing Module */ = {
			isa = PBXGroup;
			children = (
				2CC4A4342405C72100EDFA15 /* Cells */,
				2CE2D09B24053DC000817AF1 /* BMSListingViewController.swift */,
				2CC4A4352405C76400EDFA15 /* BMSListingDataController.swift */,
			);
			path = "Listing Module";
			sourceTree = "<group>";
		};
		2CC4A4342405C72100EDFA15 /* Cells */ = {
			isa = PBXGroup;
			children = (
				2CE2D0AE240583FF00817AF1 /* MovieListingItemTableViewCell.swift */,
				2CE2D0AF240583FF00817AF1 /* MovieListingItemTableViewCell.xib */,
			);
			path = Cells;
			sourceTree = "<group>";
		};
		2CE2D08B24053DC000817AF1 = {
			isa = PBXGroup;
			children = (
				2CE2D09624053DC000817AF1 /* BMSListing */,
				2CE2D09524053DC000817AF1 /* Products */,
				0BFF88C6FDD355D64150A339 /* Pods */,
				A70833AAA27CB8F3CD183479 /* Frameworks */,
			);
			sourceTree = "<group>";
		};
		2CE2D09524053DC000817AF1 /* Products */ = {
			isa = PBXGroup;
			children = (
				2CE2D09424053DC000817AF1 /* BMSListing.app */,
			);
			name = Products;
			sourceTree = "<group>";
		};
		2CE2D09624053DC000817AF1 /* BMSListing */ = {
			isa = PBXGroup;
			children = (
				2C2BEED6240656DF003D2397 /* Movie Details Module */,
				2CC4A4332405C70000EDFA15 /* Listing Module */,
				2CC4A4322405C6FA00EDFA15 /* Common */,
				2CE2D09724053DC000817AF1 /* AppDelegate.swift */,
				2CE2D09924053DC000817AF1 /* SceneDelegate.swift */,
				2CE2D09D24053DC000817AF1 /* Main.storyboard */,
				2CE2D0A324053DC200817AF1 /* Assets.xcassets */,
				2CE2D0A524053DC200817AF1 /* LaunchScreen.storyboard */,
				2CE2D0A824053DC200817AF1 /* Info.plist */,
				2CE2D0A024053DC000817AF1 /* BMSListing.xcdatamodeld */,
			);
			path = BMSListing;
			sourceTree = "<group>";
		};
		A70833AAA27CB8F3CD183479 /* Frameworks */ = {
			isa = PBXGroup;
			children = (
				868C0696F6E912DAE65C3196 /* Pods_BMSListing.framework */,
			);
			name = Frameworks;
			sourceTree = "<group>";
		};
/* End PBXGroup section */

/* Begin PBXNativeTarget section */
		2CE2D09324053DC000817AF1 /* BMSListing */ = {
			isa = PBXNativeTarget;
			buildConfigurationList = 2CE2D0AB24053DC200817AF1 /* Build configuration list for PBXNativeTarget "BMSListing" */;
			buildPhases = (
				CA04D5D2DE72FD6EE0D727FD /* [CP] Check Pods Manifest.lock */,
				2CE2D09024053DC000817AF1 /* Sources */,
				2CE2D09124053DC000817AF1 /* Frameworks */,
				2CE2D09224053DC000817AF1 /* Resources */,
				42850EF0A5050FB86E90F3CE /* [CP] Embed Pods Frameworks */,
			);
			buildRules = (
			);
			dependencies = (
			);
			name = BMSListing;
			productName = BMSListing;
			productReference = 2CE2D09424053DC000817AF1 /* BMSListing.app */;
			productType = "com.apple.product-type.application";
		};
/* End PBXNativeTarget section */

/* Begin PBXProject section */
		2CE2D08C24053DC000817AF1 /* Project object */ = {
			isa = PBXProject;
			attributes = {
				LastSwiftUpdateCheck = 1120;
				LastUpgradeCheck = 1120;
				ORGANIZATIONNAME = BMS;
				TargetAttributes = {
					2CE2D09324053DC000817AF1 = {
						CreatedOnToolsVersion = 11.2.1;
					};
				};
			};
			buildConfigurationList = 2CE2D08F24053DC000817AF1 /* Build configuration list for PBXProject "BMSListing" */;
			compatibilityVersion = "Xcode 9.3";
			developmentRegion = en;
			hasScannedForEncodings = 0;
			knownRegions = (
				en,
				Base,
			);
			mainGroup = 2CE2D08B24053DC000817AF1;
			productRefGroup = 2CE2D09524053DC000817AF1 /* Products */;
			projectDirPath = "";
			projectRoot = "";
			targets = (
				2CE2D09324053DC000817AF1 /* BMSListing */,
			);
		};
/* End PBXProject section */

/* Begin PBXResourcesBuildPhase section */
		2CE2D09224053DC000817AF1 /* Resources */ = {
			isa = PBXResourcesBuildPhase;
			buildActionMask = 2147483647;
			files = (
				2CE2D0A724053DC200817AF1 /* LaunchScreen.storyboard in Resources */,
				2CE2D0A424053DC200817AF1 /* Assets.xcassets in Resources */,
				2CE2D0B1240583FF00817AF1 /* MovieListingItemTableViewCell.xib in Resources */,
				2C2BEEFD2406A000003D2397 /* MovieSimilarListingTableViewCell.xib in Resources */,
				2C2BEEE624066426003D2397 /* MovieDetailsTableViewCell.xib in Resources */,
				2CE2D09F24053DC000817AF1 /* Main.storyboard in Resources */,
				2C2BEEEC24066F91003D2397 /* MovieCreditsUITableViewCell.xib in Resources */,
				2C2BEEF4240675A3003D2397 /* MovieCastCollectionViewCell.xib in Resources */,
				2C2BEEFE2406A000003D2397 /* SimilarMovieCollectionViewCell.xib in Resources */,
			);
			runOnlyForDeploymentPostprocessing = 0;
		};
/* End PBXResourcesBuildPhase section */

/* Begin PBXShellScriptBuildPhase section */
		42850EF0A5050FB86E90F3CE /* [CP] Embed Pods Frameworks */ = {
			isa = PBXShellScriptBuildPhase;
			buildActionMask = 2147483647;
			files = (
			);
			inputFileListPaths = (
				"${PODS_ROOT}/Target Support Files/Pods-BMSListing/Pods-BMSListing-frameworks-${CONFIGURATION}-input-files.xcfilelist",
			);
			name = "[CP] Embed Pods Frameworks";
			outputFileListPaths = (
				"${PODS_ROOT}/Target Support Files/Pods-BMSListing/Pods-BMSListing-frameworks-${CONFIGURATION}-output-files.xcfilelist",
			);
			runOnlyForDeploymentPostprocessing = 0;
			shellPath = /bin/sh;
			shellScript = "\"${PODS_ROOT}/Target Support Files/Pods-BMSListing/Pods-BMSListing-frameworks.sh\"\n";
			showEnvVarsInLog = 0;
		};
		CA04D5D2DE72FD6EE0D727FD /* [CP] Check Pods Manifest.lock */ = {
			isa = PBXShellScriptBuildPhase;
			buildActionMask = 2147483647;
			files = (
			);
			inputFileListPaths = (
			);
			inputPaths = (
				"${PODS_PODFILE_DIR_PATH}/Podfile.lock",
				"${PODS_ROOT}/Manifest.lock",
			);
			name = "[CP] Check Pods Manifest.lock";
			outputFileListPaths = (
			);
			outputPaths = (
				"$(DERIVED_FILE_DIR)/Pods-BMSListing-checkManifestLockResult.txt",
			);
			runOnlyForDeploymentPostprocessing = 0;
			shellPath = /bin/sh;
			shellScript = "diff \"${PODS_PODFILE_DIR_PATH}/Podfile.lock\" \"${PODS_ROOT}/Manifest.lock\" > /dev/null\nif [ $? != 0 ] ; then\n    # print error to STDERR\n    echo \"error: The sandbox is not in sync with the Podfile.lock. Run 'pod install' or update your CocoaPods installation.\" >&2\n    exit 1\nfi\n# This output is used by Xcode 'outputs' to avoid re-running this script phase.\necho \"SUCCESS\" > \"${SCRIPT_OUTPUT_FILE_0}\"\n";
			showEnvVarsInLog = 0;
		};
/* End PBXShellScriptBuildPhase section */

/* Begin PBXSourcesBuildPhase section */
		2CE2D09024053DC000817AF1 /* Sources */ = {
			isa = PBXSourcesBuildPhase;
			buildActionMask = 2147483647;
			files = (
				2CC4A43C2405CBC400EDFA15 /* APIManager.swift in Sources */,
				2C2BEEEB24066F91003D2397 /* MovieCreditsUITableViewCell.swift in Sources */,
				2CE2D09C24053DC000817AF1 /* BMSListingViewController.swift in Sources */,
				2C2BEEEE24067216003D2397 /* MovieCredits.swift in Sources */,
				2CE2D09824053DC000817AF1 /* AppDelegate.swift in Sources */,
				2C2BEEFC2406A000003D2397 /* SimilarMovieCollectionViewCell.swift in Sources */,
				2CE2D0B0240583FF00817AF1 /* MovieListingItemTableViewCell.swift in Sources */,
				2C2BEEE3240663B2003D2397 /* MovieDetailsTableViewCell.swift in Sources */,
				2CE2D09A24053DC000817AF1 /* SceneDelegate.swift in Sources */,
				2C2BEEF02406724F003D2397 /* Cast.swift in Sources */,
				2C2BEED8240656F0003D2397 /* MovieDetailsViewController.swift in Sources */,
				2CC4A42F2405C24500EDFA15 /* Movie.swift in Sources */,
				2CC4A4382405C7AA00EDFA15 /* Constants.swift in Sources */,
				2CC4A4362405C76400EDFA15 /* BMSListingDataController.swift in Sources */,
				2CC4A43E2405CD0400EDFA15 /* Extensions.swift in Sources */,
				2CC4A42D2405C1DD00EDFA15 /* Welcome.swift in Sources */,
				2C2BEEFB2406A000003D2397 /* MovieSimilarListingTableViewCell.swift in Sources */,
				2CE2D0A224053DC000817AF1 /* BMSListing.xcdatamodeld in Sources */,
				2C2BEEF3240675A3003D2397 /* MovieCastCollectionViewCell.swift in Sources */,
				2C2BEEDD24065A34003D2397 /* BMSBaseViewController.swift in Sources */,
				2C2BEEF624069D98003D2397 /* SimilarMovies.swift in Sources */,
				2CC4A43A2405C7D200EDFA15 /* DateHelper.swift in Sources */,
				2CC4A4312405C26800EDFA15 /* Dates.swift in Sources */,
				2C2BEEDB240659C7003D2397 /* MovieDetailsDataController.swift in Sources */,
				2C2BEED524064773003D2397 /* Genre.swift in Sources */,
				2C2BEEDF24065FD7003D2397 /* MovieDetails.swift in Sources */,
			);
			runOnlyForDeploymentPostprocessing = 0;
		};
/* End PBXSourcesBuildPhase section */

/* Begin PBXVariantGroup section */
		2CE2D09D24053DC000817AF1 /* Main.storyboard */ = {
			isa = PBXVariantGroup;
			children = (
				2CE2D09E24053DC000817AF1 /* Base */,
			);
			name = Main.storyboard;
			sourceTree = "<group>";
		};
		2CE2D0A524053DC200817AF1 /* LaunchScreen.storyboard */ = {
			isa = PBXVariantGroup;
			children = (
				2CE2D0A624053DC200817AF1 /* Base */,
			);
			name = LaunchScreen.storyboard;
			sourceTree = "<group>";
		};
/* End PBXVariantGroup section */

/* Begin XCBuildConfiguration section */
		2CE2D0A924053DC200817AF1 /* Debug */ = {
			isa = XCBuildConfiguration;
			buildSettings = {
				ALWAYS_SEARCH_USER_PATHS = NO;
				CLANG_ANALYZER_NONNULL = YES;
				CLANG_ANALYZER_NUMBER_OBJECT_CONVERSION = YES_AGGRESSIVE;
				CLANG_CXX_LANGUAGE_STANDARD = "gnu++14";
				CLANG_CXX_LIBRARY = "libc++";
				CLANG_ENABLE_MODULES = YES;
				CLANG_ENABLE_OBJC_ARC = YES;
				CLANG_ENABLE_OBJC_WEAK = YES;
				CLANG_WARN_BLOCK_CAPTURE_AUTORELEASING = YES;
				CLANG_WARN_BOOL_CONVERSION = YES;
				CLANG_WARN_COMMA = YES;
				CLANG_WARN_CONSTANT_CONVERSION = YES;
				CLANG_WARN_DEPRECATED_OBJC_IMPLEMENTATIONS = YES;
				CLANG_WARN_DIRECT_OBJC_ISA_USAGE = YES_ERROR;
				CLANG_WARN_DOCUMENTATION_COMMENTS = YES;
				CLANG_WARN_EMPTY_BODY = YES;
				CLANG_WARN_ENUM_CONVERSION = YES;
				CLANG_WARN_INFINITE_RECURSION = YES;
				CLANG_WARN_INT_CONVERSION = YES;
				CLANG_WARN_NON_LITERAL_NULL_CONVERSION = YES;
				CLANG_WARN_OBJC_IMPLICIT_RETAIN_SELF = YES;
				CLANG_WARN_OBJC_LITERAL_CONVERSION = YES;
				CLANG_WARN_OBJC_ROOT_CLASS = YES_ERROR;
				CLANG_WARN_RANGE_LOOP_ANALYSIS = YES;
				CLANG_WARN_STRICT_PROTOTYPES = YES;
				CLANG_WARN_SUSPICIOUS_MOVE = YES;
				CLANG_WARN_UNGUARDED_AVAILABILITY = YES_AGGRESSIVE;
				CLANG_WARN_UNREACHABLE_CODE = YES;
				CLANG_WARN__DUPLICATE_METHOD_MATCH = YES;
				COPY_PHASE_STRIP = NO;
				DEBUG_INFORMATION_FORMAT = dwarf;
				ENABLE_STRICT_OBJC_MSGSEND = YES;
				ENABLE_TESTABILITY = YES;
				GCC_C_LANGUAGE_STANDARD = gnu11;
				GCC_DYNAMIC_NO_PIC = NO;
				GCC_NO_COMMON_BLOCKS = YES;
				GCC_OPTIMIZATION_LEVEL = 0;
				GCC_PREPROCESSOR_DEFINITIONS = (
					"DEBUG=1",
					"$(inherited)",
				);
				GCC_WARN_64_TO_32_BIT_CONVERSION = YES;
				GCC_WARN_ABOUT_RETURN_TYPE = YES_ERROR;
				GCC_WARN_UNDECLARED_SELECTOR = YES;
				GCC_WARN_UNINITIALIZED_AUTOS = YES_AGGRESSIVE;
				GCC_WARN_UNUSED_FUNCTION = YES;
				GCC_WARN_UNUSED_VARIABLE = YES;
				IPHONEOS_DEPLOYMENT_TARGET = 13.2;
				MTL_ENABLE_DEBUG_INFO = INCLUDE_SOURCE;
				MTL_FAST_MATH = YES;
				ONLY_ACTIVE_ARCH = YES;
				SDKROOT = iphoneos;
				SWIFT_ACTIVE_COMPILATION_CONDITIONS = DEBUG;
				SWIFT_OPTIMIZATION_LEVEL = "-Onone";
			};
			name = Debug;
		};
		2CE2D0AA24053DC200817AF1 /* Release */ = {
			isa = XCBuildConfiguration;
			buildSettings = {
				ALWAYS_SEARCH_USER_PATHS = NO;
				CLANG_ANALYZER_NONNULL = YES;
				CLANG_ANALYZER_NUMBER_OBJECT_CONVERSION = YES_AGGRESSIVE;
				CLANG_CXX_LANGUAGE_STANDARD = "gnu++14";
				CLANG_CXX_LIBRARY = "libc++";
				CLANG_ENABLE_MODULES = YES;
				CLANG_ENABLE_OBJC_ARC = YES;
				CLANG_ENABLE_OBJC_WEAK = YES;
				CLANG_WARN_BLOCK_CAPTURE_AUTORELEASING = YES;
				CLANG_WARN_BOOL_CONVERSION = YES;
				CLANG_WARN_COMMA = YES;
				CLANG_WARN_CONSTANT_CONVERSION = YES;
				CLANG_WARN_DEPRECATED_OBJC_IMPLEMENTATIONS = YES;
				CLANG_WARN_DIRECT_OBJC_ISA_USAGE = YES_ERROR;
				CLANG_WARN_DOCUMENTATION_COMMENTS = YES;
				CLANG_WARN_EMPTY_BODY = YES;
				CLANG_WARN_ENUM_CONVERSION = YES;
				CLANG_WARN_INFINITE_RECURSION = YES;
				CLANG_WARN_INT_CONVERSION = YES;
				CLANG_WARN_NON_LITERAL_NULL_CONVERSION = YES;
				CLANG_WARN_OBJC_IMPLICIT_RETAIN_SELF = YES;
				CLANG_WARN_OBJC_LITERAL_CONVERSION = YES;
				CLANG_WARN_OBJC_ROOT_CLASS = YES_ERROR;
				CLANG_WARN_RANGE_LOOP_ANALYSIS = YES;
				CLANG_WARN_STRICT_PROTOTYPES = YES;
				CLANG_WARN_SUSPICIOUS_MOVE = YES;
				CLANG_WARN_UNGUARDED_AVAILABILITY = YES_AGGRESSIVE;
				CLANG_WARN_UNREACHABLE_CODE = YES;
				CLANG_WARN__DUPLICATE_METHOD_MATCH = YES;
				COPY_PHASE_STRIP = NO;
				DEBUG_INFORMATION_FORMAT = "dwarf-with-dsym";
				ENABLE_NS_ASSERTIONS = NO;
				ENABLE_STRICT_OBJC_MSGSEND = YES;
				GCC_C_LANGUAGE_STANDARD = gnu11;
				GCC_NO_COMMON_BLOCKS = YES;
				GCC_WARN_64_TO_32_BIT_CONVERSION = YES;
				GCC_WARN_ABOUT_RETURN_TYPE = YES_ERROR;
				GCC_WARN_UNDECLARED_SELECTOR = YES;
				GCC_WARN_UNINITIALIZED_AUTOS = YES_AGGRESSIVE;
				GCC_WARN_UNUSED_FUNCTION = YES;
				GCC_WARN_UNUSED_VARIABLE = YES;
				IPHONEOS_DEPLOYMENT_TARGET = 13.2;
				MTL_ENABLE_DEBUG_INFO = NO;
				MTL_FAST_MATH = YES;
				SDKROOT = iphoneos;
				SWIFT_COMPILATION_MODE = wholemodule;
				SWIFT_OPTIMIZATION_LEVEL = "-O";
				VALIDATE_PRODUCT = YES;
			};
			name = Release;
		};
		2CE2D0AC24053DC200817AF1 /* Debug */ = {
			isa = XCBuildConfiguration;
			baseConfigurationReference = B03B8001EEC14884FE48D6DB /* Pods-BMSListing.debug.xcconfig */;
			buildSettings = {
				ASSETCATALOG_COMPILER_APPICON_NAME = AppIcon;
				CODE_SIGN_IDENTITY = "Apple Development";
				CODE_SIGN_STYLE = Automatic;
				DEVELOPMENT_TEAM = AJ53DF662G;
				INFOPLIST_FILE = BMSListing/Info.plist;
				LD_RUNPATH_SEARCH_PATHS = (
					"$(inherited)",
					"@executable_path/Frameworks",
				);
				PRODUCT_BUNDLE_IDENTIFIER = com.bmslisting.ios;
				PRODUCT_NAME = "$(TARGET_NAME)";
				PROVISIONING_PROFILE_SPECIFIER = "";
				SWIFT_VERSION = 5.0;
				TARGETED_DEVICE_FAMILY = "1,2";
			};
			name = Debug;
		};
		2CE2D0AD24053DC200817AF1 /* Release */ = {
			isa = XCBuildConfiguration;
			baseConfigurationReference = 8A45D5129B158AF99B6B2CF9 /* Pods-BMSListing.release.xcconfig */;
			buildSettings = {
				ASSETCATALOG_COMPILER_APPICON_NAME = AppIcon;
				CODE_SIGN_IDENTITY = "Apple Development";
				CODE_SIGN_STYLE = Automatic;
				DEVELOPMENT_TEAM = AJ53DF662G;
				INFOPLIST_FILE = BMSListing/Info.plist;
				LD_RUNPATH_SEARCH_PATHS = (
					"$(inherited)",
					"@executable_path/Frameworks",
				);
				PRODUCT_BUNDLE_IDENTIFIER = com.bmslisting.ios;
				PRODUCT_NAME = "$(TARGET_NAME)";
				PROVISIONING_PROFILE_SPECIFIER = "";
				SWIFT_VERSION = 5.0;
				TARGETED_DEVICE_FAMILY = "1,2";
			};
			name = Release;
		};
/* End XCBuildConfiguration section */

/* Begin XCConfigurationList section */
		2CE2D08F24053DC000817AF1 /* Build configuration list for PBXProject "BMSListing" */ = {
			isa = XCConfigurationList;
			buildConfigurations = (
				2CE2D0A924053DC200817AF1 /* Debug */,
				2CE2D0AA24053DC200817AF1 /* Release */,
			);
			defaultConfigurationIsVisible = 0;
			defaultConfigurationName = Release;
		};
		2CE2D0AB24053DC200817AF1 /* Build configuration list for PBXNativeTarget "BMSListing" */ = {
			isa = XCConfigurationList;
			buildConfigurations = (
				2CE2D0AC24053DC200817AF1 /* Debug */,
				2CE2D0AD24053DC200817AF1 /* Release */,
			);
			defaultConfigurationIsVisible = 0;
			defaultConfigurationName = Release;
		};
/* End XCConfigurationList section */

/* Begin XCVersionGroup section */
		2CE2D0A024053DC000817AF1 /* BMSListing.xcdatamodeld */ = {
			isa = XCVersionGroup;
			children = (
				2CE2D0A124053DC000817AF1 /* BMSListing.xcdatamodel */,
			);
			currentVersion = 2CE2D0A124053DC000817AF1 /* BMSListing.xcdatamodel */;
			path = BMSListing.xcdatamodeld;
			sourceTree = "<group>";
			versionGroupType = wrapper.xcdatamodel;
		};
/* End XCVersionGroup section */
	};
	rootObject = 2CE2D08C24053DC000817AF1 /* Project object */;
}
